{
  "requires": true,
  "lockfileVersion": 1,
  "dependencies": {
    "js-stylesheet": {
      "version": "0.0.1",
      "resolved": "https://registry.npmjs.org/js-stylesheet/-/js-stylesheet-0.0.1.tgz",
      "integrity": "sha1-EswUUSIORUGEtG3jsJjA0VR2LDg="
    },
    "react-menu": {
      "version": "0.0.10",
      "resolved": "https://registry.npmjs.org/react-menu/-/react-menu-0.0.10.tgz",
      "integrity": "sha1-wrM4zdiOTENjJZaSOQieB1KhQrw=",
      "requires": {
        "js-stylesheet": "0.0.1"
      }
    }
  }
}
